<?xml version="1.0" encoding="utf-8"?>
<Project ToolsVersion="4.0" xmlns="http://schemas.microsoft.com/developer/msbuild/2003">
  <ItemGroup>
    <Filter Include="源文件">
      <UniqueIdentifier>{4FC737F1-C7A5-4376-A066-2A32D752A2FF}</UniqueIdentifier>
      <Extensions>cpp;c;cc;cxx;def;odl;idl;hpj;bat;asm;asmx</Extensions>
    </Filter>
    <Filter Include="头文件">
      <UniqueIdentifier>{93995380-89BD-4b04-88EB-625FBE52EBFB}</UniqueIdentifier>
      <Extensions>h;hh;hpp;hxx;hm;inl;inc;ipp;xsd</Extensions>
    </Filter>
    <Filter Include="资源文件">
      <UniqueIdentifier>{67DA6AB6-F800-4c08-8B7A-83BB121AAD01}</UniqueIdentifier>
      <Extensions>rc;ico;cur;bmp;dlg;rc2;rct;bin;rgs;gif;jpg;jpeg;jpe;resx;tiff;tif;png;wav;mfcribbon-ms</Extensions>
    </Filter>
    <Filter Include="头文件\Enums">
      <UniqueIdentifier>{97752a14-a0a3-4271-be6a-91bbb30d697e}</UniqueIdentifier>
    </Filter>
    <Filter Include="源文件\Enums">
      <UniqueIdentifier>{2c568bea-a865-4310-8193-9e73023acae9}</UniqueIdentifier>
    </Filter>
    <Filter Include="头文件\Classes">
      <UniqueIdentifier>{2513818b-f45c-4365-af38-74bfeb1b0b1c}</UniqueIdentifier>
    </Filter>
    <Filter Include="源文件\Classes">
      <UniqueIdentifier>{23d0a5db-34d8-475c-9d6e-eea852b9e098}</UniqueIdentifier>
    </Filter>
    <Filter Include="头文件\Events">
      <UniqueIdentifier>{6d9c9fad-ad6b-4df6-b7c7-d49334f8b109}</UniqueIdentifier>
    </Filter>
  </ItemGroup>
  <ItemGroup>
    <ClCompile Include="pvzclass.cpp">
      <Filter>源文件</Filter>
    </ClCompile>
    <ClCompile Include="PVZ.cpp">
      <Filter>源文件</Filter>
    </ClCompile>
    <ClCompile Include="AsmFunctions.cpp">
      <Filter>源文件</Filter>
    </ClCompile>
    <ClCompile Include="ProcessOpener.cpp">
      <Filter>源文件</Filter>
    </ClCompile>
    <ClCompile Include="Creators.cpp">
      <Filter>源文件</Filter>
    </ClCompile>
    <ClCompile Include="Enums\SceneType.cpp">
      <Filter>源文件\Enums</Filter>
    </ClCompile>
    <ClCompile Include="Enums\VaseContent.cpp">
      <Filter>源文件\Enums</Filter>
    </ClCompile>
    <ClCompile Include="Enums\VaseSkin.cpp">
      <Filter>源文件\Enums</Filter>
    </ClCompile>
    <ClCompile Include="Enums\ZombieAccessoriesType1.cpp">
      <Filter>源文件\Enums</Filter>
    </ClCompile>
    <ClCompile Include="Enums\ZombieAccessoriesType2.cpp">
      <Filter>源文件\Enums</Filter>
    </ClCompile>
    <ClCompile Include="Enums\ZombieState.cpp">
      <Filter>源文件\Enums</Filter>
    </ClCompile>
    <ClCompile Include="Enums\ZombieType.cpp">
      <Filter>源文件\Enums</Filter>
    </ClCompile>
    <ClCompile Include="Enums\RouteTypeEnum.cpp">
      <Filter>源文件\Enums</Filter>
    </ClCompile>
    <ClCompile Include="Enums\PVZVersionEnum.cpp">
      <Filter>源文件\Enums</Filter>
    </ClCompile>
    <ClCompile Include="Enums\PVZLevelEnum.cpp">
      <Filter>源文件\Enums</Filter>
    </ClCompile>
    <ClCompile Include="Enums\PVZGameStateEnum.cpp">
      <Filter>源文件\Enums</Filter>
    </ClCompile>
    <ClCompile Include="Enums\ProjectileType.cpp">
      <Filter>源文件\Enums</Filter>
    </ClCompile>
    <ClCompile Include="Enums\PlantType.cpp">
      <Filter>源文件\Enums</Filter>
    </ClCompile>
    <ClCompile Include="Enums\PlantState.cpp">
      <Filter>源文件\Enums</Filter>
    </ClCompile>
    <ClCompile Include="Enums\PlantEffectType.cpp">
      <Filter>源文件\Enums</Filter>
    </ClCompile>
    <ClCompile Include="Enums\MusicType.cpp">
      <Filter>源文件\Enums</Filter>
    </ClCompile>
    <ClCompile Include="Enums\MouseType.cpp">
      <Filter>源文件\Enums</Filter>
    </ClCompile>
    <ClCompile Include="Enums\MotionType.cpp">
      <Filter>源文件\Enums</Filter>
    </ClCompile>
    <ClCompile Include="Enums\MouseClickState.cpp">
      <Filter>源文件\Enums</Filter>
    </ClCompile>
    <ClCompile Include="Enums\LawnmoverType.cpp">
      <Filter>源文件\Enums</Filter>
    </ClCompile>
    <ClCompile Include="Enums\LawnTypeEnum.cpp">
      <Filter>源文件\Enums</Filter>
    </ClCompile>
    <ClCompile Include="Enums\INGAMEEffect.cpp">
      <Filter>源文件\Enums</Filter>
    </ClCompile>
    <ClCompile Include="Enums\INGAMEState.cpp">
      <Filter>源文件\Enums</Filter>
    </ClCompile>
    <ClCompile Include="Enums\GardenPlantState.cpp">
      <Filter>源文件\Enums</Filter>
    </ClCompile>
    <ClCompile Include="Enums\CardType.cpp">
      <Filter>源文件\Enums</Filter>
    </ClCompile>
    <ClCompile Include="Enums\CoinMotionType.cpp">
      <Filter>源文件\Enums</Filter>
    </ClCompile>
    <ClCompile Include="Enums\CoinType.cpp">
      <Filter>源文件\Enums</Filter>
    </ClCompile>
    <ClCompile Include="Enums\DamageType.cpp">
      <Filter>源文件\Enums</Filter>
    </ClCompile>
    <ClCompile Include="Enums\DebugModeType.cpp">
      <Filter>源文件\Enums</Filter>
    </ClCompile>
    <ClCompile Include="Enums\EffectType.cpp">
      <Filter>源文件\Enums</Filter>
    </ClCompile>
    <ClCompile Include="Enums\PaintState.cpp">
      <Filter>源文件\Enums</Filter>
    </ClCompile>
    <ClCompile Include="Enums\GardenScene.cpp">
      <Filter>源文件\Enums</Filter>
    </ClCompile>
    <ClCompile Include="Enums\CaptionStyle.cpp">
      <Filter>源文件\Enums</Filter>
    </ClCompile>
    <ClCompile Include="Draw.cpp">
      <Filter>源文件</Filter>
    </ClCompile>
    <ClCompile Include="Events\BaseEvent.cpp">
      <Filter>源文件</Filter>
    </ClCompile>
    <ClCompile Include="Events\EventHandler.cpp">
      <Filter>源文件</Filter>
    </ClCompile>
    <ClCompile Include="Events\PuzzlePhaseCompleteEvent.cpp">
      <Filter>源文件</Filter>
    </ClCompile>
    <ClCompile Include="Events\VaseOpenEvent.cpp">
      <Filter>源文件</Filter>
    </ClCompile>
    <ClCompile Include="Events\PlantSquishEvent.cpp">
      <Filter>源文件</Filter>
    </ClCompile>
    <ClCompile Include="Events\ImitaterPlantEvent.cpp">
      <Filter>源文件</Filter>
    </ClCompile>
    <ClCompile Include="Sexy.cpp">
      <Filter>源文件</Filter>
    </ClCompile>
    <ClCompile Include="Classes\Animation.cpp">
      <Filter>源文件\Classes</Filter>
    </ClCompile>
    <ClCompile Include="Classes\AttachEffect.cpp">
      <Filter>源文件\Classes</Filter>
    </ClCompile>
    <ClCompile Include="Classes\Attachment.cpp">
      <Filter>源文件\Classes</Filter>
    </ClCompile>
    <ClCompile Include="Classes\Board.cpp">
      <Filter>源文件\Classes</Filter>
    </ClCompile>
    <ClCompile Include="Classes\Caption.cpp">
      <Filter>源文件\Classes</Filter>
    </ClCompile>
    <ClCompile Include="Classes\CardSlot.cpp">
      <Filter>源文件\Classes</Filter>
    </ClCompile>
    <ClCompile Include="Classes\ChallengeScreen.cpp">
      <Filter>源文件\Classes</Filter>
    </ClCompile>
    <ClCompile Include="Classes\Coin.cpp">
      <Filter>源文件\Classes</Filter>
    </ClCompile>
    <ClCompile Include="Classes\Definition.cpp">
      <Filter>源文件\Classes</Filter>
    </ClCompile>
    <ClCompile Include="Classes\GardenPlant.cpp">
      <Filter>源文件\Classes</Filter>
    </ClCompile>
    <ClCompile Include="Classes\Griditem.cpp">
      <Filter>源文件\Classes</Filter>
    </ClCompile>
    <ClCompile Include="Classes\Icetrace.cpp">
      <Filter>源文件\Classes</Filter>
    </ClCompile>
    <ClCompile Include="Classes\Lawn.cpp">
      <Filter>源文件\Classes</Filter>
    </ClCompile>
    <ClCompile Include="Classes\Lawnmover.cpp">
      <Filter>源文件\Classes</Filter>
    </ClCompile>
    <ClCompile Include="Classes\Memory.cpp">
      <Filter>源文件\Classes</Filter>
    </ClCompile>
    <ClCompile Include="Classes\Miscellaneous.cpp">
      <Filter>源文件\Classes</Filter>
    </ClCompile>
    <ClCompile Include="Classes\Mouse.cpp">
      <Filter>源文件\Classes</Filter>
    </ClCompile>
    <ClCompile Include="Classes\MousePointer.cpp">
      <Filter>源文件\Classes</Filter>
    </ClCompile>
    <ClCompile Include="Classes\Music.cpp">
      <Filter>源文件\Classes</Filter>
    </ClCompile>
    <ClCompile Include="Classes\Plant.cpp">
      <Filter>源文件\Classes</Filter>
    </ClCompile>
    <ClCompile Include="Classes\Projectile.cpp">
      <Filter>源文件\Classes</Filter>
    </ClCompile>
    <ClCompile Include="Classes\PVZApp.cpp">
      <Filter>源文件\Classes</Filter>
    </ClCompile>
    <ClCompile Include="Classes\SaveData.cpp">
      <Filter>源文件\Classes</Filter>
    </ClCompile>
    <ClCompile Include="Classes\SeedCard.cpp">
      <Filter>源文件\Classes</Filter>
    </ClCompile>
    <ClCompile Include="Classes\SeedChoserScreen.cpp">
      <Filter>源文件\Classes</Filter>
    </ClCompile>
    <ClCompile Include="Classes\TrackInstance.cpp">
      <Filter>源文件\Classes</Filter>
    </ClCompile>
    <ClCompile Include="Classes\Wave.cpp">
      <Filter>源文件\Classes</Filter>
    </ClCompile>
    <ClCompile Include="Classes\Widget.cpp">
      <Filter>源文件\Classes</Filter>
    </ClCompile>
    <ClCompile Include="Classes\ZenGarden.cpp">
      <Filter>源文件\Classes</Filter>
    </ClCompile>
    <ClCompile Include="Classes\Zombie.cpp">
      <Filter>源文件\Classes</Filter>
    </ClCompile>
    <ClCompile Include="Enums\ThreeState.cpp">
      <Filter>源文件\Enums</Filter>
    </ClCompile>
    <ClCompile Include="Enums\ChallengePage.cpp">
      <Filter>源文件\Enums</Filter>
    </ClCompile>
    <ClCompile Include="Enums\GardenPlantNeed.cpp">
      <Filter>源文件\Enums</Filter>
    </ClCompile>
    <ClCompile Include="Enums\LawnmoverState.cpp">
      <Filter>源文件\Enums</Filter>
    </ClCompile>
    <ClCompile Include="Enums\GriditemType.cpp">
      <Filter>源文件\Enums</Filter>
    </ClCompile>
    <ClCompile Include="Enums\GriditemState.cpp">
      <Filter>源文件\Enums</Filter>
    </ClCompile>
    <ClCompile Include="Enums\SeedState.cpp">
      <Filter>源文件\Enums</Filter>
    </ClCompile>
    <ClCompile Include="Enums\MagnetItemType.cpp">
      <Filter>源文件\Enums</Filter>
    </ClCompile>
  </ItemGroup>
  <ItemGroup>
    <ClInclude Include="ProcessOpener.h">
      <Filter>头文件</Filter>
    </ClInclude>
    <ClInclude Include="PVZ.h">
      <Filter>头文件</Filter>
    </ClInclude>
    <ClInclude Include="Enums.h">
      <Filter>头文件</Filter>
    </ClInclude>
    <ClInclude Include="AsmFunctions.h">
      <Filter>头文件</Filter>
    </ClInclude>
    <ClInclude Include="Creators.h">
      <Filter>头文件</Filter>
    </ClInclude>
    <ClInclude Include="Extensions.h">
      <Filter>头文件</Filter>
    </ClInclude>
    <ClInclude Include="pvzclass.h">
      <Filter>头文件</Filter>
    </ClInclude>
    <ClInclude Include="utils.h">
      <Filter>头文件</Filter>
    </ClInclude>
    <ClInclude Include="Injectors.h">
      <Filter>头文件</Filter>
    </ClInclude>
    <ClInclude Include="Enums\CaptionStyle.h">
      <Filter>头文件\Enums</Filter>
    </ClInclude>
    <ClInclude Include="Enums\CoinMotionType.h">
      <Filter>头文件\Enums</Filter>
    </ClInclude>
    <ClInclude Include="Enums\CardType.h">
      <Filter>头文件\Enums</Filter>
    </ClInclude>
    <ClInclude Include="Enums\CoinType.h">
      <Filter>头文件\Enums</Filter>
    </ClInclude>
    <ClInclude Include="Enums\DamageType.h">
      <Filter>头文件\Enums</Filter>
    </ClInclude>
    <ClInclude Include="Enums\DebugModeType.h">
      <Filter>头文件\Enums</Filter>
    </ClInclude>
    <ClInclude Include="Enums\EffectType.h">
      <Filter>头文件\Enums</Filter>
    </ClInclude>
    <ClInclude Include="Enums\GardenPlantState.h">
      <Filter>头文件\Enums</Filter>
    </ClInclude>
    <ClInclude Include="Enums\GriditemType.h">
      <Filter>头文件\Enums</Filter>
    </ClInclude>
    <ClInclude Include="Enums\GardenScene.h">
      <Filter>头文件\Enums</Filter>
    </ClInclude>
    <ClInclude Include="Enums\INGAMEEffect.h">
      <Filter>头文件\Enums</Filter>
    </ClInclude>
    <ClInclude Include="Enums\INGAMEState.h">
      <Filter>头文件\Enums</Filter>
    </ClInclude>
    <ClInclude Include="Enums\LawnmoverType.h">
      <Filter>头文件\Enums</Filter>
    </ClInclude>
    <ClInclude Include="Enums\LawnTypeEnum.h">
      <Filter>头文件\Enums</Filter>
    </ClInclude>
    <ClInclude Include="Enums\MotionType.h">
      <Filter>头文件\Enums</Filter>
    </ClInclude>
    <ClInclude Include="Enums\MouseClickState.h">
      <Filter>头文件\Enums</Filter>
    </ClInclude>
    <ClInclude Include="Enums\MouseType.h">
      <Filter>头文件\Enums</Filter>
    </ClInclude>
    <ClInclude Include="Enums\MusicType.h">
      <Filter>头文件\Enums</Filter>
    </ClInclude>
    <ClInclude Include="Enums\PaintState.h">
      <Filter>头文件\Enums</Filter>
    </ClInclude>
    <ClInclude Include="Enums\ZombieType.h">
      <Filter>头文件\Enums</Filter>
    </ClInclude>
    <ClInclude Include="Enums\ZombieState.h">
      <Filter>头文件\Enums</Filter>
    </ClInclude>
    <ClInclude Include="Enums\ZombieAccessoriesType2.h">
      <Filter>头文件\Enums</Filter>
    </ClInclude>
    <ClInclude Include="Enums\ZombieAccessoriesType1.h">
      <Filter>头文件\Enums</Filter>
    </ClInclude>
    <ClInclude Include="Enums\VaseSkin.h">
      <Filter>头文件\Enums</Filter>
    </ClInclude>
    <ClInclude Include="Enums\VaseContent.h">
      <Filter>头文件\Enums</Filter>
    </ClInclude>
    <ClInclude Include="Enums\SceneType.h">
      <Filter>头文件\Enums</Filter>
    </ClInclude>
    <ClInclude Include="Enums\RouteTypeEnum.h">
      <Filter>头文件\Enums</Filter>
    </ClInclude>
    <ClInclude Include="Enums\PVZVersionEnum.h">
      <Filter>头文件\Enums</Filter>
    </ClInclude>
    <ClInclude Include="Enums\PVZLevelEnum.h">
      <Filter>头文件\Enums</Filter>
    </ClInclude>
    <ClInclude Include="Enums\PVZGameStateEnum.h">
      <Filter>头文件\Enums</Filter>
    </ClInclude>
    <ClInclude Include="Enums\ProjectileType.h">
      <Filter>头文件\Enums</Filter>
    </ClInclude>
    <ClInclude Include="Enums\PlantType.h">
      <Filter>头文件\Enums</Filter>
    </ClInclude>
    <ClInclude Include="Enums\PlantState.h">
      <Filter>头文件\Enums</Filter>
    </ClInclude>
    <ClInclude Include="Enums\PlantEffectType.h">
      <Filter>头文件\Enums</Filter>
    </ClInclude>
    <ClInclude Include="Enums\GardenPlantNeed.h">
      <Filter>头文件</Filter>
    </ClInclude>
    <ClInclude Include="Enums\LowerSoundType.h">
      <Filter>头文件</Filter>
    </ClInclude>
    <ClInclude Include="Enums\UpperSoundType.h">
      <Filter>头文件</Filter>
    </ClInclude>
    <ClInclude Include="Enums\AnimationType.h">
      <Filter>头文件</Filter>
    </ClInclude>
    <ClInclude Include="Enums\ChallengeState.h">
      <Filter>头文件</Filter>
    </ClInclude>
    <ClInclude Include="Enums\GriditemState.h">
      <Filter>头文件</Filter>
    </ClInclude>
    <ClInclude Include="Const.h">
      <Filter>头文件</Filter>
    </ClInclude>
    <ClInclude Include="Enums\MagnetItemType.h">
      <Filter>头文件</Filter>
    </ClInclude>
    <ClInclude Include="Draw.h">
      <Filter>头文件</Filter>
    </ClInclude>
    <ClInclude Include="Enums\SeedState.h">
      <Filter>头文件</Filter>
    </ClInclude>
    <ClInclude Include="Enums\ThreeState.h">
      <Filter>头文件</Filter>
    </ClInclude>
    <ClInclude Include="Flags.h">
      <Filter>头文件</Filter>
    </ClInclude>
    <ClInclude Include="Classes.hpp">
      <Filter>头文件</Filter>
    </ClInclude>
    <ClInclude Include="Sexy.h">
      <Filter>头文件</Filter>
    </ClInclude>
    <ClInclude Include="Classes\ChallengeScreen.hpp">
      <Filter>头文件\Classes</Filter>
    </ClInclude>
    <ClInclude Include="Enums\ChallengePage.hpp">
      <Filter>头文件\Enums</Filter>
    </ClInclude>
    <ClInclude Include="Events\BaseEvent.h">
      <Filter>头文件\Events</Filter>
    </ClInclude>
    <ClInclude Include="Events\CoinCollectEvent.h">
      <Filter>头文件\Events</Filter>
    </ClInclude>
    <ClInclude Include="Events\CoinCreateEvent.h">
      <Filter>头文件\Events</Filter>
    </ClInclude>
    <ClInclude Include="Events\CoinRemoveEvent.h">
      <Filter>头文件\Events</Filter>
    </ClInclude>
    <ClInclude Include="Events\DialogButtonDepressEvent.h">
      <Filter>头文件\Events</Filter>
    </ClInclude>
    <ClInclude Include="Events\DialogDrawEvent.h">
      <Filter>头文件\Events</Filter>
    </ClInclude>
    <ClInclude Include="Events\DLLEvent.h">
      <Filter>头文件\Events</Filter>
    </ClInclude>
    <ClInclude Include="Events\DrawUITopEvent.h">
      <Filter>头文件\Events</Filter>
    </ClInclude>
    <ClInclude Include="Events\Events.h">
      <Filter>头文件\Events</Filter>
    </ClInclude>
    <ClInclude Include="Events\EventHandler.h">
      <Filter>头文件\Events</Filter>
    </ClInclude>
    <ClInclude Include="Events\ImitaterPlantEvent.h">
      <Filter>头文件\Events</Filter>
    </ClInclude>
    <ClInclude Include="Events\NewGameEvent.h">
      <Filter>头文件\Events</Filter>
    </ClInclude>
    <ClInclude Include="Events\PeaOnFireEvent.h">
      <Filter>头文件\Events</Filter>
    </ClInclude>
    <ClInclude Include="Events\PlantCreateEvent.h">
      <Filter>头文件\Events</Filter>
    </ClInclude>
    <ClInclude Include="Events\PlantReloadEvent.h">
      <Filter>头文件\Events</Filter>
    </ClInclude>
    <ClInclude Include="Events\PlantRemoveEvent.h">
      <Filter>头文件\Events</Filter>
    </ClInclude>
    <ClInclude Include="Events\PlantShootEvent.h">
      <Filter>头文件\Events</Filter>
    </ClInclude>
    <ClInclude Include="Events\PlantSquishEvent.h">
      <Filter>头文件\Events</Filter>
    </ClInclude>
    <ClInclude Include="Events\ProjectileCreateEvent.h">
      <Filter>头文件\Events</Filter>
    </ClInclude>
    <ClInclude Include="Events\ProjectileHitZombieEvent.h">
      <Filter>头文件\Events</Filter>
    </ClInclude>
    <ClInclude Include="Events\ProjectileRemoveEvent.h">
      <Filter>头文件\Events</Filter>
    </ClInclude>
    <ClInclude Include="Events\PuzzlePhaseCompleteEvent.h">
      <Filter>头文件\Events</Filter>
    </ClInclude>
    <ClInclude Include="Events\SeedCardClickEvent.h">
      <Filter>头文件\Events</Filter>
    </ClInclude>
    <ClInclude Include="Events\TemplateEvent.h">
      <Filter>头文件\Events</Filter>
    </ClInclude>
    <ClInclude Include="Events\UpdateGameObjectsEvent.h">
      <Filter>头文件\Events</Filter>
    </ClInclude>
    <ClInclude Include="Events\VaseOpenEvent.h">
      <Filter>头文件\Events</Filter>
    </ClInclude>
    <ClInclude Include="Events\ZombieBlastEvent.h">
      <Filter>头文件\Events</Filter>
    </ClInclude>
    <ClInclude Include="Events\ZombieButterEvent.h">
      <Filter>头文件\Events</Filter>
    </ClInclude>
    <ClInclude Include="Events\ZombieDecelerateEvent.h">
      <Filter>头文件\Events</Filter>
    </ClInclude>
    <ClInclude Include="Events\ZombieEatEvent.h">
      <Filter>头文件\Events</Filter>
    </ClInclude>
    <ClInclude Include="Events\ZombieFrozeEvent.h">
      <Filter>头文件\Events</Filter>
    </ClInclude>
    <ClInclude Include="Events\ZombieHitEvent.h">
      <Filter>头文件\Events</Filter>
    </ClInclude>
    <ClInclude Include="Events\ZombieHypnotizeEvent.h">
      <Filter>头文件\Events</Filter>
    </ClInclude>
    <ClInclude Include="Events\ZombieRemoveEvent.h">
      <Filter>头文件\Events</Filter>
    </ClInclude>
    <ClInclude Include="Events\UpdateAppEvent.h">
      <Filter>头文件\Events</Filter>
    </ClInclude>
  </ItemGroup>
  <ItemGroup>
    <ClInclude Include="Enums\LawnmoverState.h">
      <Filter>头文件</Filter>
    </ClInclude>
  </ItemGroup>
</Project>